<?xml version="1.0" encoding="utf-8"?>
<Project ToolsVersion="4.0" xmlns="http://schemas.microsoft.com/developer/msbuild/2003">
  <ItemGroup>
    <Filter Include="./">
      <UniqueIdentifier>{3aa804bd-2649-4725-b35b-24533a68cb94}</UniqueIdentifier>
    </Filter>
    <Filter Include="./\seams">
      <UniqueIdentifier>{c9aea5e0-8970-4946-b65f-adac3979ec01}</UniqueIdentifier>
    </Filter>
  </ItemGroup>
  <ItemGroup>
    <ClCompile Include="..\oregoncooler.client\_main.cpp">
      <Filter>./</Filter>
    </ClCompile>
  </ItemGroup>
  <ItemGroup>
    <None Include="..\oregoncooler.client\readme.md">
      <Filter>./</Filter>
    </None>
  </ItemGroup>
  <ItemGroup>
    <ClInclude Include="..\oregoncooler.client\_config.h">
      <Filter>./</Filter>
    </ClInclude>
  </ItemGroup>
</Project>
